
Microsoft Visual Studio Solution File, Format Version 12.00
# Visual Studio 14
VisualStudioVersion = 14.0.25420.1
MinimumVisualStudioVersion = 10.0.40219.1
Project("{FAE04EC0-301F-11D3-BF4B-00C04F79EFBC}") = "World", "World\World.csproj", "{D7DD3FE3-7DD1-444A-AF78-D33297B69D0D}"
EndProject
Project("{FAE04EC0-301F-11D3-BF4B-00C04F79EFBC}") = "World.Sync", "World.Sync\World.Sync.csproj", "{EB19444E-A69C-4C4B-8CD9-A2FCF76AEEAE}"
EndProject
Project("{FAE04EC0-301F-11D3-BF4B-00C04F79EFBC}") = "World.Minimap", "World.Minimap\World.Minimap.csproj", "{E9EF79CE-0DD8-43FA-BD60-03A1571611AA}"
EndProject
Global
	GlobalSection(SolutionConfigurationPlatforms) = preSolution
		Debug|Any CPU = Debug|Any CPU
		Release|Any CPU = Release|Any CPU
	EndGlobalSection
	GlobalSection(ProjectConfigurationPlatforms) = postSolution
		{D7DD3FE3-7DD1-444A-AF78-D33297B69D0D}.Debug|Any CPU.ActiveCfg = Debug|Any CPU
		{D7DD3FE3-7DD1-444A-AF78-D33297B69D0D}.Debug|Any CPU.Build.0 = Debug|Any CPU
		{D7DD3FE3-7DD1-444A-AF78-D33297B69D0D}.Release|Any CPU.ActiveCfg = Release|Any CPU
		{D7DD3FE3-7DD1-444A-AF78-D33297B69D0D}.Release|Any CPU.Build.0 = Release|Any CPU
		{EB19444E-A69C-4C4B-8CD9-A2FCF76AEEAE}.Debug|Any CPU.ActiveCfg = Debug|Any CPU
		{EB19444E-A69C-4C4B-8CD9-A2FCF76AEEAE}.Debug|Any CPU.Build.0 = Debug|Any CPU
		{EB19444E-A69C-4C4B-8CD9-A2FCF76AEEAE}.Release|Any CPU.ActiveCfg = Release|Any CPU
		{EB19444E-A69C-4C4B-8CD9-A2FCF76AEEAE}.Release|Any CPU.Build.0 = Release|Any CPU
		{E9EF79CE-0DD8-43FA-BD60-03A1571611AA}.Debug|Any CPU.ActiveCfg = Debug|Any CPU
		{E9EF79CE-0DD8-43FA-BD60-03A1571611AA}.Debug|Any CPU.Build.0 = Debug|Any CPU
		{E9EF79CE-0DD8-43FA-BD60-03A1571611AA}.Release|Any CPU.ActiveCfg = Release|Any CPU
		{E9EF79CE-0DD8-43FA-BD60-03A1571611AA}.Release|Any CPU.Build.0 = Release|Any CPU
	EndGlobalSection
	GlobalSection(SolutionProperties) = preSolution
		HideSolutionNode = FALSE
	EndGlobalSection
EndGlobal
